dependencies:
- name: argo-cd
  repository: https://argoproj.github.io/argo-helm
  version: 5.16.7
- name: argocd-apps
  repository: https://argoproj.github.io/argo-helm
  version: 0.0.5
digest: sha256:6b0bd44a32fc0684a750428536696c5d5221df3633dc664e3bb047ef1f89023d
generated: "2022-12-20T09:30:14.320789438+11:00"
